
Microsoft Visual Studio Solution File, Format Version 12.00
Project("{FAE04EC0-301F-11D3-BF4B-00C04F79EFBC}") = "Lykke.Common.MsSql", "Lykke.Common.MsSql\Lykke.Common.MsSql.csproj", "{4710EDB7-8B59-4604-8235-2AD8D68BFCED}"
EndProject
Global
	GlobalSection(SolutionConfigurationPlatforms) = preSolution
		Debug|Any CPU = Debug|Any CPU
		Release|Any CPU = Release|Any CPU
	EndGlobalSection
	GlobalSection(ProjectConfigurationPlatforms) = postSolution
		{4710EDB7-8B59-4604-8235-2AD8D68BFCED}.Debug|Any CPU.ActiveCfg = Debug|Any CPU
		{4710EDB7-8B59-4604-8235-2AD8D68BFCED}.Debug|Any CPU.Build.0 = Debug|Any CPU
		{4710EDB7-8B59-4604-8235-2AD8D68BFCED}.Release|Any CPU.ActiveCfg = Release|Any CPU
		{4710EDB7-8B59-4604-8235-2AD8D68BFCED}.Release|Any CPU.Build.0 = Release|Any CPU
	EndGlobalSection
EndGlobal
